# This file was autogenerated by Stack.
# You should not edit this file by hand.
# For more information, please see the documentation at:
#   https://docs.haskellstack.org/en/stable/lock_files

packages:
- completed:
    name: souffle-haskell
    version: 3.0.0
    git: https://github.com/luc-tielen/souffle-haskell
    pantry-tree:
      size: 283489
      sha256: 5c427067ddb25598e1295899e49a0604cc22852eae94b65a665e5d2d2868e034
    commit: fbc57c51e94e41577774fae3632a99064e79525e
  original:
    git: https://github.com/luc-tielen/souffle-haskell
    commit: fbc57c51e94e41577774fae3632a99064e79525e
snapshots:
- completed:
    size: 532832
    url: https://raw.githubusercontent.com/commercialhaskell/stackage-snapshots/master/lts/16/23.yaml
    sha256: fbb2a0519008533924c7753bd7164ddd1009f09504eb06674acad6049b46db09
  original:
    url: https://raw.githubusercontent.com/commercialhaskell/stackage-snapshots/master/lts/16/23.yaml
